
Microsoft Visual Studio Solution File, Format Version 12.00
# Visual Studio Version 17
VisualStudioVersion = 17.9.34728.123
MinimumVisualStudioVersion = 10.0.40219.1
Project("{FAE04EC0-301F-11D3-BF4B-00C04F79EFBC}") = "PaymentProcessingSystem", "PaymentProcessingSystem\PaymentProcessingSystem.csproj", "{35FF60DF-3117-4DC8-91F8-A0AB434D75CD}"
EndProject
Global
	GlobalSection(SolutionConfigurationPlatforms) = preSolution
		Debug|Any CPU = Debug|Any CPU
		Release|Any CPU = Release|Any CPU
	EndGlobalSection
	GlobalSection(ProjectConfigurationPlatforms) = postSolution
		{35FF60DF-3117-4DC8-91F8-A0AB434D75CD}.Debug|Any CPU.ActiveCfg = Debug|Any CPU
		{35FF60DF-3117-4DC8-91F8-A0AB434D75CD}.Debug|Any CPU.Build.0 = Debug|Any CPU
		{35FF60DF-3117-4DC8-91F8-A0AB434D75CD}.Release|Any CPU.ActiveCfg = Release|Any CPU
		{35FF60DF-3117-4DC8-91F8-A0AB434D75CD}.Release|Any CPU.Build.0 = Release|Any CPU
	EndGlobalSection
	GlobalSection(SolutionProperties) = preSolution
		HideSolutionNode = FALSE
	EndGlobalSection
	GlobalSection(ExtensibilityGlobals) = postSolution
		SolutionGuid = {6A62FF56-0C10-4598-8342-8AD1DF18DD30}
	EndGlobalSection
EndGlobal
